
Microsoft Visual Studio Solution File, Format Version 12.00
# Visual Studio Version 16
VisualStudioVersion = 16.0.30503.244
MinimumVisualStudioVersion = 10.0.40219.1
Project("{9A19103F-16F7-4668-BE54-9A1E7A4F7556}") = "CitySearch", "CitySearch\CitySearch.csproj", "{2B4D6147-5769-4653-B277-2EAAE39A591A}"
EndProject
Project("{FAE04EC0-301F-11D3-BF4B-00C04F79EFBC}") = "SearchTests", "SearchTests\SearchTests.csproj", "{7DB6C568-B4BD-437D-97E9-FD80EB53C5C1}"
EndProject
Global
	GlobalSection(SolutionConfigurationPlatforms) = preSolution
		Debug|Any CPU = Debug|Any CPU
		Release|Any CPU = Release|Any CPU
	EndGlobalSection
	GlobalSection(ProjectConfigurationPlatforms) = postSolution
		{2B4D6147-5769-4653-B277-2EAAE39A591A}.Debug|Any CPU.ActiveCfg = Debug|Any CPU
		{2B4D6147-5769-4653-B277-2EAAE39A591A}.Debug|Any CPU.Build.0 = Debug|Any CPU
		{2B4D6147-5769-4653-B277-2EAAE39A591A}.Release|Any CPU.ActiveCfg = Release|Any CPU
		{2B4D6147-5769-4653-B277-2EAAE39A591A}.Release|Any CPU.Build.0 = Release|Any CPU
		{7DB6C568-B4BD-437D-97E9-FD80EB53C5C1}.Debug|Any CPU.ActiveCfg = Debug|Any CPU
		{7DB6C568-B4BD-437D-97E9-FD80EB53C5C1}.Debug|Any CPU.Build.0 = Debug|Any CPU
		{7DB6C568-B4BD-437D-97E9-FD80EB53C5C1}.Release|Any CPU.ActiveCfg = Release|Any CPU
		{7DB6C568-B4BD-437D-97E9-FD80EB53C5C1}.Release|Any CPU.Build.0 = Release|Any CPU
	EndGlobalSection
	GlobalSection(SolutionProperties) = preSolution
		HideSolutionNode = FALSE
	EndGlobalSection
	GlobalSection(ExtensibilityGlobals) = postSolution
		SolutionGuid = {8E57B32D-F294-4271-801F-D95F1B1704BA}
	EndGlobalSection
EndGlobal
